
Microsoft Visual Studio Solution File, Format Version 12.00
# Visual Studio Version 16
VisualStudioVersion = 16.0.31702.278
MinimumVisualStudioVersion = 10.0.40219.1
Project("{FAE04EC0-301F-11D3-BF4B-00C04F79EFBC}") = "MyLibraryWebApi", "MyLibraryWebApi\MyLibraryWebApi.csproj", "{2EB1CBCE-0BD0-4653-9A48-5F704AF9B8E4}"
EndProject
Global
	GlobalSection(SolutionConfigurationPlatforms) = preSolution
		Debug|Any CPU = Debug|Any CPU
		Release|Any CPU = Release|Any CPU
	EndGlobalSection
	GlobalSection(ProjectConfigurationPlatforms) = postSolution
		{2EB1CBCE-0BD0-4653-9A48-5F704AF9B8E4}.Debug|Any CPU.ActiveCfg = Debug|Any CPU
		{2EB1CBCE-0BD0-4653-9A48-5F704AF9B8E4}.Debug|Any CPU.Build.0 = Debug|Any CPU
		{2EB1CBCE-0BD0-4653-9A48-5F704AF9B8E4}.Release|Any CPU.ActiveCfg = Release|Any CPU
		{2EB1CBCE-0BD0-4653-9A48-5F704AF9B8E4}.Release|Any CPU.Build.0 = Release|Any CPU
	EndGlobalSection
	GlobalSection(SolutionProperties) = preSolution
		HideSolutionNode = FALSE
	EndGlobalSection
	GlobalSection(ExtensibilityGlobals) = postSolution
		SolutionGuid = {A2D3458B-D206-4451-898D-48EB5B0FED34}
	EndGlobalSection
EndGlobal
